// !$*UTF8*$!
{
	archiveVersion = 1;
	classes = {
	};
	objectVersion = 46;
	objects = {

/* Begin PBXBuildFile section */
		7C8333F71B032E5700796C0B /* AppDelegate.swift in Sources */ = {isa = PBXBuildFile; fileRef = 7C8333F61B032E5700796C0B /* AppDelegate.swift */; };
		7C8333F91B032E5700796C0B /* ViewController.swift in Sources */ = {isa = PBXBuildFile; fileRef = 7C8333F81B032E5700796C0B /* ViewController.swift */; };
		7C8333FC1B032E5700796C0B /* Main.storyboard in Resources */ = {isa = PBXBuildFile; fileRef = 7C8333FA1B032E5700796C0B /* Main.storyboard */; };
		7C8333FE1B032E5700796C0B /* Images.xcassets in Resources */ = {isa = PBXBuildFile; fileRef = 7C8333FD1B032E5700796C0B /* Images.xcassets */; };
		7C8334011B032E5700796C0B /* LaunchScreen.xib in Resources */ = {isa = PBXBuildFile; fileRef = 7C8333FF1B032E5700796C0B /* LaunchScreen.xib */; };
		7C83340D1B032E5800796C0B /* HelloSwiftTests.swift in Sources */ = {isa = PBXBuildFile; fileRef = 7C83340C1B032E5800796C0B /* HelloSwiftTests.swift */; };
/* End PBXBuildFile section */

/* Begin PBXContainerItemProxy section */
		7C8334071B032E5800796C0B /* PBXContainerItemProxy */ = {
			isa = PBXContainerItemProxy;
			containerPortal = 7C8333E91B032E5700796C0B /* Project object */;
			proxyType = 1;
			remoteGlobalIDString = 7C8333F01B032E5700796C0B;
			remoteInfo = HelloSwift;
		};
/* End PBXContainerItemProxy section */

/* Begin PBXFileReference section */
		7C8333F11B032E5700796C0B /* HelloSwift.app */ = {isa = PBXFileReference; explicitFileType = wrapper.application; includeInIndex = 0; path = HelloSwift.app; sourceTree = BUILT_PRODUCTS_DIR; };
		7C8333F51B032E5700796C0B /* Info.plist */ = {isa = PBXFileReference; lastKnownFileType = text.plist.xml; path = Info.plist; sourceTree = "<group>"; };
		7C8333F61B032E5700796C0B /* AppDelegate.swift */ = {isa = PBXFileReference; lastKnownFileType = sourcecode.swift; path = AppDelegate.swift; sourceTree = "<group>"; };
		7C8333F81B032E5700796C0B /* ViewController.swift */ = {isa = PBXFileReference; lastKnownFileType = sourcecode.swift; path = ViewController.swift; sourceTree = "<group>"; };
		7C8333FB1B032E5700796C0B /* Base */ = {isa = PBXFileReference; lastKnownFileType = file.storyboard; name = Base; path = Base.lproj/Main.storyboard; sourceTree = "<group>"; };
		7C8333FD1B032E5700796C0B /* Images.xcassets */ = {isa = PBXFileReference; lastKnownFileType = folder.assetcatalog; path = Images.xcassets; sourceTree = "<group>"; };
		7C8334001B032E5700796C0B /* Base */ = {isa = PBXFileReference; lastKnownFileType = file.xib; name = Base; path = Base.lproj/LaunchScreen.xib; sourceTree = "<group>"; };
		7C8334061B032E5800796C0B /* HelloSwiftTests.xctest */ = {isa = PBXFileReference; explicitFileType = wrapper.cfbundle; includeInIndex = 0; path = HelloSwiftTests.xctest; sourceTree = BUILT_PRODUCTS_DIR; };
		7C83340B1B032E5800796C0B /* Info.plist */ = {isa = PBXFileReference; lastKnownFileType = text.plist.xml; path = Info.plist; sourceTree = "<group>"; };
		7C83340C1B032E5800796C0B /* HelloSwiftTests.swift */ = {isa = PBXFileReference; lastKnownFileType = sourcecode.swift; path = HelloSwiftTests.swift; sourceTree = "<group>"; };
/* End PBXFileReference section */

/* Begin PBXFrameworksBuildPhase section */
		7C8333EE1B032E5700796C0B /* Frameworks */ = {
			isa = PBXFrameworksBuildPhase;
			buildActionMask = 2147483647;
			files = (
			);
			runOnlyForDeploymentPostprocessing = 0;
		};
		7C8334031B032E5800796C0B /* Frameworks */ = {
			isa = PBXFrameworksBuildPhase;
			buildActionMask = 2147483647;
			files = (
			);
			runOnlyForDeploymentPostprocessing = 0;
		};
/* End PBXFrameworksBuildPhase section */

/* Begin PBXGroup section */
		7C8333E81B032E5700796C0B = {
			isa = PBXGroup;
			children = (
				7C8333F31B032E5700796C0B /* HelloSwift */,
				7C8334091B032E5800796C0B /* HelloSwiftTests */,
				7C8333F21B032E5700796C0B /* Products */,
			);
			sourceTree = "<group>";
		};
		7C8333F21B032E5700796C0B /* Products */ = {
			isa = PBXGroup;
			children = (
				7C8333F11B032E5700796C0B /* HelloSwift.app */,
				7C8334061B032E5800796C0B /* HelloSwiftTests.xctest */,
			);
			name = Products;
			sourceTree = "<group>";
		};
		7C8333F31B032E5700796C0B /* HelloSwift */ = {
			isa = PBXGroup;
			children = (
				7C8333F61B032E5700796C0B /* AppDelegate.swift */,
				7C8333F81B032E5700796C0B /* ViewController.swift */,
				7C8333FA1B032E5700796C0B /* Main.storyboard */,
				7C8333FD1B032E5700796C0B /* Images.xcassets */,
				7C8333FF1B032E5700796C0B /* LaunchScreen.xib */,
				7C8333F41B032E5700796C0B /* Supporting Files */,
			);
			path = HelloSwift;
			sourceTree = "<group>";
		};
		7C8333F41B032E5700796C0B /* Supporting Files */ = {
			isa = PBXGroup;
			children = (
				7C8333F51B032E5700796C0B /* Info.plist */,
			);
			name = "Supporting Files";
			sourceTree = "<group>";
		};
		7C8334091B032E5800796C0B /* HelloSwiftTests */ = {
			isa = PBXGroup;
			children = (
				7C83340C1B032E5800796C0B /* HelloSwiftTests.swift */,
				7C83340A1B032E5800796C0B /* Supporting Files */,
			);
			path = HelloSwiftTests;
			sourceTree = "<group>";
		};
		7C83340A1B032E5800796C0B /* Supporting Files */ = {
			isa = PBXGroup;
			children = (
				7C83340B1B032E5800796C0B /* Info.plist */,
			);
			name = "Supporting Files";
			sourceTree = "<group>";
		};
/* End PBXGroup section */

/* Begin PBXNativeTarget section */
		7C8333F01B032E5700796C0B /* HelloSwift */ = {
			isa = PBXNativeTarget;
			buildConfigurationList = 7C8334101B032E5800796C0B /* Build configuration list for PBXNativeTarget "HelloSwift" */;
			buildPhases = (
				7C8333ED1B032E5700796C0B /* Sources */,
				7C8333EE1B032E5700796C0B /* Frameworks */,
				7C8333EF1B032E5700796C0B /* Resources */,
			);
			buildRules = (
			);
			dependencies = (
			);
			name = HelloSwift;
			productName = HelloSwift;
			productReference = 7C8333F11B032E5700796C0B /* HelloSwift.app */;
			productType = "com.apple.product-type.application";
		};
		7C8334051B032E5800796C0B /* HelloSwiftTests */ = {
			isa = PBXNativeTarget;
			buildConfigurationList = 7C8334131B032E5800796C0B /* Build configuration list for PBXNativeTarget "HelloSwiftTests" */;
			buildPhases = (
				7C8334021B032E5800796C0B /* Sources */,
				7C8334031B032E5800796C0B /* Frameworks */,
				7C8334041B032E5800796C0B /* Resources */,
			);
			buildRules = (
			);
			dependencies = (
				7C8334081B032E5800796C0B /* PBXTargetDependency */,
			);
			name = HelloSwiftTests;
			productName = HelloSwiftTests;
			productReference = 7C8334061B032E5800796C0B /* HelloSwiftTests.xctest */;
			productType = "com.apple.product-type.bundle.unit-test";
		};
/* End PBXNativeTarget section */

/* Begin PBXProject section */
		7C8333E91B032E5700796C0B /* Project object */ = {
			isa = PBXProject;
			attributes = {
				LastUpgradeCheck = 0610;
				ORGANIZATIONNAME = "Yuto Kumagai";
				TargetAttributes = {
					7C8333F01B032E5700796C0B = {
						CreatedOnToolsVersion = 6.1.1;
					};
					7C8334051B032E5800796C0B = {
						CreatedOnToolsVersion = 6.1.1;
						TestTargetID = 7C8333F01B032E5700796C0B;
					};
				};
			};
			buildConfigurationList = 7C8333EC1B032E5700796C0B /* Build configuration list for PBXProject "HelloSwift" */;
			compatibilityVersion = "Xcode 3.2";
			developmentRegion = English;
			hasScannedForEncodings = 0;
			knownRegions = (
				en,
				Base,
			);
			mainGroup = 7C8333E81B032E5700796C0B;
			productRefGroup = 7C8333F21B032E5700796C0B /* Products */;
			projectDirPath = "";
			projectRoot = "";
			targets = (
				7C8333F01B032E5700796C0B /* HelloSwift */,
				7C8334051B032E5800796C0B /* HelloSwiftTests */,
			);
		};
/* End PBXProject section */

/* Begin PBXResourcesBuildPhase section */
		7C8333EF1B032E5700796C0B /* Resources */ = {
			isa = PBXResourcesBuildPhase;
			buildActionMask = 2147483647;
			files = (
				7C8333FC1B032E5700796C0B /* Main.storyboard in Resources */,
				7C8334011B032E5700796C0B /* LaunchScreen.xib in Resources */,
				7C8333FE1B032E5700796C0B /* Images.xcassets in Resources */,
			);
			runOnlyForDeploymentPostprocessing = 0;
		};
		7C8334041B032E5800796C0B /* Resources */ = {
			isa = PBXResourcesBuildPhase;
			buildActionMask = 2147483647;
			files = (
			);
			runOnlyForDeploymentPostprocessing = 0;
		};
/* End PBXResourcesBuildPhase section */

/* Begin PBXSourcesBuildPhase section */
		7C8333ED1B032E5700796C0B /* Sources */ = {
			isa = PBXSourcesBuildPhase;
			buildActionMask = 2147483647;
			files = (
				7C8333F91B032E5700796C0B /* ViewController.swift in Sources */,
				7C8333F71B032E5700796C0B /* AppDelegate.swift in Sources */,
			);
			runOnlyForDeploymentPostprocessing = 0;
		};
		7C8334021B032E5800796C0B /* Sources */ = {
			isa = PBXSourcesBuildPhase;
			buildActionMask = 2147483647;
			files = (
				7C83340D1B032E5800796C0B /* HelloSwiftTests.swift in Sources */,
			);
			runOnlyForDeploymentPostprocessing = 0;
		};
/* End PBXSourcesBuildPhase section */

/* Begin PBXTargetDependency section */
		7C8334081B032E5800796C0B /* PBXTargetDependency */ = {
			isa = PBXTargetDependency;
			target = 7C8333F01B032E5700796C0B /* HelloSwift */;
			targetProxy = 7C8334071B032E5800796C0B /* PBXContainerItemProxy */;
		};
/* End PBXTargetDependency section */

/* Begin PBXVariantGroup section */
		7C8333FA1B032E5700796C0B /* Main.storyboard */ = {
			isa = PBXVariantGroup;
			children = (
				7C8333FB1B032E5700796C0B /* Base */,
			);
			name = Main.storyboard;
			sourceTree = "<group>";
		};
		7C8333FF1B032E5700796C0B /* LaunchScreen.xib */ = {
			isa = PBXVariantGroup;
			children = (
				7C8334001B032E5700796C0B /* Base */,
			);
			name = LaunchScreen.xib;
			sourceTree = "<group>";
		};
/* End PBXVariantGroup section */

/* Begin XCBuildConfiguration section */
		7C83340E1B032E5800796C0B /* Debug */ = {
			isa = XCBuildConfiguration;
			buildSettings = {
				ALWAYS_SEARCH_USER_PATHS = NO;
				CLANG_CXX_LANGUAGE_STANDARD = "gnu++0x";
				CLANG_CXX_LIBRARY = "libc++";
				CLANG_ENABLE_MODULES = YES;
				CLANG_ENABLE_OBJC_ARC = YES;
				CLANG_WARN_BOOL_CONVERSION = YES;
				CLANG_WARN_CONSTANT_CONVERSION = YES;
				CLANG_WARN_DIRECT_OBJC_ISA_USAGE = YES_ERROR;
				CLANG_WARN_EMPTY_BODY = YES;
				CLANG_WARN_ENUM_CONVERSION = YES;
				CLANG_WARN_INT_CONVERSION = YES;
				CLANG_WARN_OBJC_ROOT_CLASS = YES_ERROR;
				CLANG_WARN_UNREACHABLE_CODE = YES;
				CLANG_WARN__DUPLICATE_METHOD_MATCH = YES;
				"CODE_SIGN_IDENTITY[sdk=iphoneos*]" = "iPhone Developer";
				COPY_PHASE_STRIP = NO;
				ENABLE_STRICT_OBJC_MSGSEND = YES;
				GCC_C_LANGUAGE_STANDARD = gnu99;
				GCC_DYNAMIC_NO_PIC = NO;
				GCC_OPTIMIZATION_LEVEL = 0;
				GCC_PREPROCESSOR_DEFINITIONS = (
					"DEBUG=1",
					"$(inherited)",
				);
				GCC_SYMBOLS_PRIVATE_EXTERN = NO;
				GCC_WARN_64_TO_32_BIT_CONVERSION = YES;
				GCC_WARN_ABOUT_RETURN_TYPE = YES_ERROR;
				GCC_WARN_UNDECLARED_SELECTOR = YES;
				GCC_WARN_UNINITIALIZED_AUTOS = YES_AGGRESSIVE;
				GCC_WARN_UNUSED_FUNCTION = YES;
				GCC_WARN_UNUSED_VARIABLE = YES;
				IPHONEOS_DEPLOYMENT_TARGET = 8.1;
				MTL_ENABLE_DEBUG_INFO = YES;
				ONLY_ACTIVE_ARCH = YES;
				SDKROOT = iphoneos;
				SWIFT_OPTIMIZATION_LEVEL = "-Onone";
				TARGETED_DEVICE_FAMILY = 2;
			};
			name = Debug;
		};
		7C83340F1B032E5800796C0B /* Release */ = {
			isa = XCBuildConfiguration;
			buildSettings = {
				ALWAYS_SEARCH_USER_PATHS = NO;
				CLANG_CXX_LANGUAGE_STANDARD = "gnu++0x";
				CLANG_CXX_LIBRARY = "libc++";
				CLANG_ENABLE_MODULES = YES;
				CLANG_ENABLE_OBJC_ARC = YES;
				CLANG_WARN_BOOL_CONVERSION = YES;
				CLANG_WARN_CONSTANT_CONVERSION = YES;
				CLANG_WARN_DIRECT_OBJC_ISA_USAGE = YES_ERROR;
				CLANG_WARN_EMPTY_BODY = YES;
				CLANG_WARN_ENUM_CONVERSION = YES;
				CLANG_WARN_INT_CONVERSION = YES;
				CLANG_WARN_OBJC_ROOT_CLASS = YES_ERROR;
				CLANG_WARN_UNREACHABLE_CODE = YES;
				CLANG_WARN__DUPLICATE_METHOD_MATCH = YES;
				"CODE_SIGN_IDENTITY[sdk=iphoneos*]" = "iPhone Developer";
				COPY_PHASE_STRIP = YES;
				ENABLE_NS_ASSERTIONS = NO;
				ENABLE_STRICT_OBJC_MSGSEND = YES;
				GCC_C_LANGUAGE_STANDARD = gnu99;
				GCC_WARN_64_TO_32_BIT_CONVERSION = YES;
				GCC_WARN_ABOUT_RETURN_TYPE = YES_ERROR;
				GCC_WARN_UNDECLARED_SELECTOR = YES;
				GCC_WARN_UNINITIALIZED_AUTOS = YES_AGGRESSIVE;
				GCC_WARN_UNUSED_FUNCTION = YES;
				GCC_WARN_UNUSED_VARIABLE = YES;
				IPHONEOS_DEPLOYMENT_TARGET = 8.1;
				MTL_ENABLE_DEBUG_INFO = NO;
				SDKROOT = iphoneos;
				TARGETED_DEVICE_FAMILY = 2;
				VALIDATE_PRODUCT = YES;
			};
			name = Release;
		};
		7C8334111B032E5800796C0B /* Debug */ = {
			isa = XCBuildConfiguration;
			buildSettings = {
				ASSETCATALOG_COMPILER_APPICON_NAME = AppIcon;
				INFOPLIST_FILE = HelloSwift/Info.plist;
				IPHONEOS_DEPLOYMENT_TARGET = 7.0;
				LD_RUNPATH_SEARCH_PATHS = "$(inherited) @executable_path/Frameworks";
				PRODUCT_NAME = "$(TARGET_NAME)";
			};
			name = Debug;
		};
		7C8334121B032E5800796C0B /* Release */ = {
			isa = XCBuildConfiguration;
			buildSettings = {
				ASSETCATALOG_COMPILER_APPICON_NAME = AppIcon;
				INFOPLIST_FILE = HelloSwift/Info.plist;
				IPHONEOS_DEPLOYMENT_TARGET = 7.0;
				LD_RUNPATH_SEARCH_PATHS = "$(inherited) @executable_path/Frameworks";
				PRODUCT_NAME = "$(TARGET_NAME)";
			};
			name = Release;
		};
		7C8334141B032E5800796C0B /* Debug */ = {
			isa = XCBuildConfiguration;
			buildSettings = {
				BUNDLE_LOADER = "$(TEST_HOST)";
				FRAMEWORK_SEARCH_PATHS = (
					"$(SDKROOT)/Developer/Library/Frameworks",
					"$(inherited)",
				);
				GCC_PREPROCESSOR_DEFINITIONS = (
					"DEBUG=1",
					"$(inherited)",
				);
				INFOPLIST_FILE = HelloSwiftTests/Info.plist;
				LD_RUNPATH_SEARCH_PATHS = "$(inherited) @executable_path/Frameworks @loader_path/Frameworks";
				PRODUCT_NAME = "$(TARGET_NAME)";
				TEST_HOST = "$(BUILT_PRODUCTS_DIR)/HelloSwift.app/HelloSwift";
			};
			name = Debug;
		};
		7C8334151B032E5800796C0B /* Release */ = {
			isa = XCBuildConfiguration;
			buildSettings = {
				BUNDLE_LOADER = "$(TEST_HOST)";
				FRAMEWORK_SEARCH_PATHS = (
					"$(SDKROOT)/Developer/Library/Frameworks",
					"$(inherited)",
				);
				INFOPLIST_FILE = HelloSwiftTests/Info.plist;
				LD_RUNPATH_SEARCH_PATHS = "$(inherited) @executable_path/Frameworks @loader_path/Frameworks";
				PRODUCT_NAME = "$(TARGET_NAME)";
				TEST_HOST = "$(BUILT_PRODUCTS_DIR)/HelloSwift.app/HelloSwift";
			};
			name = Release;
		};
/* End XCBuildConfiguration section */

/* Begin XCConfigurationList section */
		7C8333EC1B032E5700796C0B /* Build configuration list for PBXProject "HelloSwift" */ = {
			isa = XCConfigurationList;
			buildConfigurations = (
				7C83340E1B032E5800796C0B /* Debug */,
				7C83340F1B032E5800796C0B /* Release */,
			);
			defaultConfigurationIsVisible = 0;
			defaultConfigurationName = Release;
		};
		7C8334101B032E5800796C0B /* Build configuration list for PBXNativeTarget "HelloSwift" */ = {
			isa = XCConfigurationList;
			buildConfigurations = (
				7C8334111B032E5800796C0B /* Debug */,
				7C8334121B032E5800796C0B /* Release */,
			);
			defaultConfigurationIsVisible = 0;
		};
		7C8334131B032E5800796C0B /* Build configuration list for PBXNativeTarget "HelloSwiftTests" */ = {
			isa = XCConfigurationList;
			buildConfigurations = (
				7C8334141B032E5800796C0B /* Debug */,
				7C8334151B032E5800796C0B /* Release */,
			);
			defaultConfigurationIsVisible = 0;
		};
/* End XCConfigurationList section */
	};
	rootObject = 7C8333E91B032E5700796C0B /* Project object */;
}
